
Microsoft Visual Studio Solution File, Format Version 12.00
# Visual Studio Version 17
VisualStudioVersion = 17.12.35527.113
MinimumVisualStudioVersion = 10.0.40219.1
Project("{2150E333-8FDC-42A3-9474-1A3956D46DE8}") = "ShopManagement", "ShopManagement", "{28CAAE9D-61CB-4F76-87E0-1DFE8BBE6BE2}"
EndProject
Project("{2150E333-8FDC-42A3-9474-1A3956D46DE8}") = "SM.Domain", "SM.Domain", "{A84CDE86-49B2-4BF4-920A-FF9ED0A5FD76}"
EndProject
Project("{FAE04EC0-301F-11D3-BF4B-00C04F79EFBC}") = "ShopManagement.Domain", "ShopManagement.Domain\ShopManagement.Domain.csproj", "{48C1BCF9-F664-49D7-B452-42859E857CC0}"
EndProject
Project("{FAE04EC0-301F-11D3-BF4B-00C04F79EFBC}") = "01_Framework", "01_Framework\01_Framework.csproj", "{8E93BA93-9E63-4C85-A521-F651694D5F98}"
EndProject
Project("{2150E333-8FDC-42A3-9474-1A3956D46DE8}") = "SM.Application", "SM.Application", "{1C7D237D-3EDD-4206-A3C3-DEEAEBDBDC81}"
EndProject
Project("{FAE04EC0-301F-11D3-BF4B-00C04F79EFBC}") = "ShopManagement.Application.Contracts", "ShopManagement.Application.Contracts\ShopManagement.Application.Contracts.csproj", "{31F2BD98-231F-49EF-A753-2E92C399A5F8}"
EndProject
Project("{FAE04EC0-301F-11D3-BF4B-00C04F79EFBC}") = "ShopManagement.Application", "ShopManagement.Application\ShopManagement.Application.csproj", "{F304DA22-6CC3-4569-A323-540605C28FD7}"
EndProject
Project("{2150E333-8FDC-42A3-9474-1A3956D46DE8}") = "SM.Infrastructure", "SM.Infrastructure", "{08419960-7FAC-4050-9EE0-7A2547DFA782}"
EndProject
Project("{FAE04EC0-301F-11D3-BF4B-00C04F79EFBC}") = "ShopManagement.Infrastructure.EFCore", "ShopManagement.Infrastructure.EFCore\ShopManagement.Infrastructure.EFCore.csproj", "{773CCC28-A621-4708-A79D-9ACFB182F65A}"
EndProject
Project("{FAE04EC0-301F-11D3-BF4B-00C04F79EFBC}") = "ShopManagement.Configuration", "ShopManagement.Configuration\ShopManagement.Configuration.csproj", "{9A080368-E99B-4B6C-BC2D-7E3025CB426D}"
EndProject
Project("{FAE04EC0-301F-11D3-BF4B-00C04F79EFBC}") = "ServiceHost", "ServiceHost\ServiceHost.csproj", "{7C056D47-4930-4358-9FA7-C61CC3487A1E}"
EndProject
Project("{FAE04EC0-301F-11D3-BF4B-00C04F79EFBC}") = "02_LampshadeQuery", "02_LampshadeQuery\02_LampshadeQuery.csproj", "{10FFB6D9-10BC-4A81-AEE4-FF8DD19F5BAE}"
EndProject
Project("{2150E333-8FDC-42A3-9474-1A3956D46DE8}") = "DiscountManagement", "DiscountManagement", "{56F2A6F0-47FE-45B7-BD07-FEFEEE2DCE9D}"
EndProject
Project("{2150E333-8FDC-42A3-9474-1A3956D46DE8}") = "DM.Domain", "DM.Domain", "{7DE25BF5-441D-4AD8-B080-05F5703FB441}"
EndProject
Project("{FAE04EC0-301F-11D3-BF4B-00C04F79EFBC}") = "DiscountManagement.domain", "DiscountManagement.domain\DiscountManagement.domain.csproj", "{1E34B709-D483-41BB-9FDC-5CEB40D35C85}"
EndProject
Project("{2150E333-8FDC-42A3-9474-1A3956D46DE8}") = "DM.Application", "DM.Application", "{F996E7B4-B026-4744-8FFA-79BCACD21923}"
EndProject
Project("{FAE04EC0-301F-11D3-BF4B-00C04F79EFBC}") = "DiscountManagement.Application.Contarct", "DiscountManagement.Application.Contarct\DiscountManagement.Application.Contarct.csproj", "{CD5FD732-B6DC-4770-AB1E-93B32CE5D29B}"
EndProject
Project("{FAE04EC0-301F-11D3-BF4B-00C04F79EFBC}") = "DiscountManagement.Application", "DiscountManagement.Application\DiscountManagement.Application.csproj", "{EBFB72D7-A08A-4DB8-AED3-752E4E3FF1F6}"
EndProject
Project("{2150E333-8FDC-42A3-9474-1A3956D46DE8}") = "DM.Infrastructure", "DM.Infrastructure", "{1A52C72A-DB19-4A29-86BA-99F3949FCAD2}"
EndProject
Project("{FAE04EC0-301F-11D3-BF4B-00C04F79EFBC}") = "DiscountManagement.Infrastructure.EFCore", "DiscountManagement.Infrastructure.EFCore\DiscountManagement.Infrastructure.EFCore.csproj", "{BC3DAAF6-BC76-4356-8ED7-FC8C382F3636}"
EndProject
Project("{FAE04EC0-301F-11D3-BF4B-00C04F79EFBC}") = "DiscountManagement.Configuration", "DiscountManagement.Configuration\DiscountManagement.Configuration.csproj", "{DC1A8994-048D-4276-8B6A-26CEC5B73AF0}"
EndProject
Project("{2150E333-8FDC-42A3-9474-1A3956D46DE8}") = "InventoryManagement", "InventoryManagement", "{4A3B696C-7CBA-4A34-A07D-3850FABFAC8D}"
EndProject
Project("{2150E333-8FDC-42A3-9474-1A3956D46DE8}") = "IM.Domain", "IM.Domain", "{25336663-E445-4B20-8C18-3DA5F6C4C5B3}"
EndProject
Project("{FAE04EC0-301F-11D3-BF4B-00C04F79EFBC}") = "InventoryManagement.Domain", "InventoryManagement.Domain\InventoryManagement.Domain.csproj", "{F97F1DC3-5360-4E42-986E-65ED9379CF55}"
EndProject
Project("{2150E333-8FDC-42A3-9474-1A3956D46DE8}") = "IM.Application", "IM.Application", "{566A060B-F185-4D0C-87D4-42C607564095}"
EndProject
Project("{FAE04EC0-301F-11D3-BF4B-00C04F79EFBC}") = "InventoryManagement.Application.Contracts", "InventoryManagement.Application.Contracts\InventoryManagement.Application.Contracts.csproj", "{FDA2733C-3C5B-4071-BEF0-896D69371A31}"
EndProject
Global
	GlobalSection(SolutionConfigurationPlatforms) = preSolution
		Debug|Any CPU = Debug|Any CPU
		Release|Any CPU = Release|Any CPU
	EndGlobalSection
	GlobalSection(ProjectConfigurationPlatforms) = postSolution
		{48C1BCF9-F664-49D7-B452-42859E857CC0}.Debug|Any CPU.ActiveCfg = Debug|Any CPU
		{48C1BCF9-F664-49D7-B452-42859E857CC0}.Debug|Any CPU.Build.0 = Debug|Any CPU
		{48C1BCF9-F664-49D7-B452-42859E857CC0}.Release|Any CPU.ActiveCfg = Release|Any CPU
		{48C1BCF9-F664-49D7-B452-42859E857CC0}.Release|Any CPU.Build.0 = Release|Any CPU
		{8E93BA93-9E63-4C85-A521-F651694D5F98}.Debug|Any CPU.ActiveCfg = Debug|Any CPU
		{8E93BA93-9E63-4C85-A521-F651694D5F98}.Debug|Any CPU.Build.0 = Debug|Any CPU
		{8E93BA93-9E63-4C85-A521-F651694D5F98}.Release|Any CPU.ActiveCfg = Release|Any CPU
		{8E93BA93-9E63-4C85-A521-F651694D5F98}.Release|Any CPU.Build.0 = Release|Any CPU
		{31F2BD98-231F-49EF-A753-2E92C399A5F8}.Debug|Any CPU.ActiveCfg = Debug|Any CPU
		{31F2BD98-231F-49EF-A753-2E92C399A5F8}.Debug|Any CPU.Build.0 = Debug|Any CPU
		{31F2BD98-231F-49EF-A753-2E92C399A5F8}.Release|Any CPU.ActiveCfg = Release|Any CPU
		{31F2BD98-231F-49EF-A753-2E92C399A5F8}.Release|Any CPU.Build.0 = Release|Any CPU
		{F304DA22-6CC3-4569-A323-540605C28FD7}.Debug|Any CPU.ActiveCfg = Debug|Any CPU
		{F304DA22-6CC3-4569-A323-540605C28FD7}.Debug|Any CPU.Build.0 = Debug|Any CPU
		{F304DA22-6CC3-4569-A323-540605C28FD7}.Release|Any CPU.ActiveCfg = Release|Any CPU
		{F304DA22-6CC3-4569-A323-540605C28FD7}.Release|Any CPU.Build.0 = Release|Any CPU
		{773CCC28-A621-4708-A79D-9ACFB182F65A}.Debug|Any CPU.ActiveCfg = Debug|Any CPU
		{773CCC28-A621-4708-A79D-9ACFB182F65A}.Debug|Any CPU.Build.0 = Debug|Any CPU
		{773CCC28-A621-4708-A79D-9ACFB182F65A}.Release|Any CPU.ActiveCfg = Release|Any CPU
		{773CCC28-A621-4708-A79D-9ACFB182F65A}.Release|Any CPU.Build.0 = Release|Any CPU
		{9A080368-E99B-4B6C-BC2D-7E3025CB426D}.Debug|Any CPU.ActiveCfg = Debug|Any CPU
		{9A080368-E99B-4B6C-BC2D-7E3025CB426D}.Debug|Any CPU.Build.0 = Debug|Any CPU
		{9A080368-E99B-4B6C-BC2D-7E3025CB426D}.Release|Any CPU.ActiveCfg = Release|Any CPU
		{9A080368-E99B-4B6C-BC2D-7E3025CB426D}.Release|Any CPU.Build.0 = Release|Any CPU
		{7C056D47-4930-4358-9FA7-C61CC3487A1E}.Debug|Any CPU.ActiveCfg = Debug|Any CPU
		{7C056D47-4930-4358-9FA7-C61CC3487A1E}.Debug|Any CPU.Build.0 = Debug|Any CPU
		{7C056D47-4930-4358-9FA7-C61CC3487A1E}.Release|Any CPU.ActiveCfg = Release|Any CPU
		{7C056D47-4930-4358-9FA7-C61CC3487A1E}.Release|Any CPU.Build.0 = Release|Any CPU
		{10FFB6D9-10BC-4A81-AEE4-FF8DD19F5BAE}.Debug|Any CPU.ActiveCfg = Debug|Any CPU
		{10FFB6D9-10BC-4A81-AEE4-FF8DD19F5BAE}.Debug|Any CPU.Build.0 = Debug|Any CPU
		{10FFB6D9-10BC-4A81-AEE4-FF8DD19F5BAE}.Release|Any CPU.ActiveCfg = Release|Any CPU
		{10FFB6D9-10BC-4A81-AEE4-FF8DD19F5BAE}.Release|Any CPU.Build.0 = Release|Any CPU
		{1E34B709-D483-41BB-9FDC-5CEB40D35C85}.Debug|Any CPU.ActiveCfg = Debug|Any CPU
		{1E34B709-D483-41BB-9FDC-5CEB40D35C85}.Debug|Any CPU.Build.0 = Debug|Any CPU
		{1E34B709-D483-41BB-9FDC-5CEB40D35C85}.Release|Any CPU.ActiveCfg = Release|Any CPU
		{1E34B709-D483-41BB-9FDC-5CEB40D35C85}.Release|Any CPU.Build.0 = Release|Any CPU
		{CD5FD732-B6DC-4770-AB1E-93B32CE5D29B}.Debug|Any CPU.ActiveCfg = Debug|Any CPU
		{CD5FD732-B6DC-4770-AB1E-93B32CE5D29B}.Debug|Any CPU.Build.0 = Debug|Any CPU
		{CD5FD732-B6DC-4770-AB1E-93B32CE5D29B}.Release|Any CPU.ActiveCfg = Release|Any CPU
		{CD5FD732-B6DC-4770-AB1E-93B32CE5D29B}.Release|Any CPU.Build.0 = Release|Any CPU
		{EBFB72D7-A08A-4DB8-AED3-752E4E3FF1F6}.Debug|Any CPU.ActiveCfg = Debug|Any CPU
		{EBFB72D7-A08A-4DB8-AED3-752E4E3FF1F6}.Debug|Any CPU.Build.0 = Debug|Any CPU
		{EBFB72D7-A08A-4DB8-AED3-752E4E3FF1F6}.Release|Any CPU.ActiveCfg = Release|Any CPU
		{EBFB72D7-A08A-4DB8-AED3-752E4E3FF1F6}.Release|Any CPU.Build.0 = Release|Any CPU
		{BC3DAAF6-BC76-4356-8ED7-FC8C382F3636}.Debug|Any CPU.ActiveCfg = Debug|Any CPU
		{BC3DAAF6-BC76-4356-8ED7-FC8C382F3636}.Debug|Any CPU.Build.0 = Debug|Any CPU
		{BC3DAAF6-BC76-4356-8ED7-FC8C382F3636}.Release|Any CPU.ActiveCfg = Release|Any CPU
		{BC3DAAF6-BC76-4356-8ED7-FC8C382F3636}.Release|Any CPU.Build.0 = Release|Any CPU
		{DC1A8994-048D-4276-8B6A-26CEC5B73AF0}.Debug|Any CPU.ActiveCfg = Debug|Any CPU
		{DC1A8994-048D-4276-8B6A-26CEC5B73AF0}.Debug|Any CPU.Build.0 = Debug|Any CPU
		{DC1A8994-048D-4276-8B6A-26CEC5B73AF0}.Release|Any CPU.ActiveCfg = Release|Any CPU
		{DC1A8994-048D-4276-8B6A-26CEC5B73AF0}.Release|Any CPU.Build.0 = Release|Any CPU
		{F97F1DC3-5360-4E42-986E-65ED9379CF55}.Debug|Any CPU.ActiveCfg = Debug|Any CPU
		{F97F1DC3-5360-4E42-986E-65ED9379CF55}.Debug|Any CPU.Build.0 = Debug|Any CPU
		{F97F1DC3-5360-4E42-986E-65ED9379CF55}.Release|Any CPU.ActiveCfg = Release|Any CPU
		{F97F1DC3-5360-4E42-986E-65ED9379CF55}.Release|Any CPU.Build.0 = Release|Any CPU
		{FDA2733C-3C5B-4071-BEF0-896D69371A31}.Debug|Any CPU.ActiveCfg = Debug|Any CPU
		{FDA2733C-3C5B-4071-BEF0-896D69371A31}.Debug|Any CPU.Build.0 = Debug|Any CPU
		{FDA2733C-3C5B-4071-BEF0-896D69371A31}.Release|Any CPU.ActiveCfg = Release|Any CPU
		{FDA2733C-3C5B-4071-BEF0-896D69371A31}.Release|Any CPU.Build.0 = Release|Any CPU
	EndGlobalSection
	GlobalSection(SolutionProperties) = preSolution
		HideSolutionNode = FALSE
	EndGlobalSection
	GlobalSection(NestedProjects) = preSolution
		{A84CDE86-49B2-4BF4-920A-FF9ED0A5FD76} = {28CAAE9D-61CB-4F76-87E0-1DFE8BBE6BE2}
		{48C1BCF9-F664-49D7-B452-42859E857CC0} = {A84CDE86-49B2-4BF4-920A-FF9ED0A5FD76}
		{1C7D237D-3EDD-4206-A3C3-DEEAEBDBDC81} = {28CAAE9D-61CB-4F76-87E0-1DFE8BBE6BE2}
		{31F2BD98-231F-49EF-A753-2E92C399A5F8} = {1C7D237D-3EDD-4206-A3C3-DEEAEBDBDC81}
		{F304DA22-6CC3-4569-A323-540605C28FD7} = {1C7D237D-3EDD-4206-A3C3-DEEAEBDBDC81}
		{08419960-7FAC-4050-9EE0-7A2547DFA782} = {28CAAE9D-61CB-4F76-87E0-1DFE8BBE6BE2}
		{773CCC28-A621-4708-A79D-9ACFB182F65A} = {08419960-7FAC-4050-9EE0-7A2547DFA782}
		{9A080368-E99B-4B6C-BC2D-7E3025CB426D} = {08419960-7FAC-4050-9EE0-7A2547DFA782}
		{7DE25BF5-441D-4AD8-B080-05F5703FB441} = {56F2A6F0-47FE-45B7-BD07-FEFEEE2DCE9D}
		{1E34B709-D483-41BB-9FDC-5CEB40D35C85} = {7DE25BF5-441D-4AD8-B080-05F5703FB441}
		{F996E7B4-B026-4744-8FFA-79BCACD21923} = {56F2A6F0-47FE-45B7-BD07-FEFEEE2DCE9D}
		{CD5FD732-B6DC-4770-AB1E-93B32CE5D29B} = {F996E7B4-B026-4744-8FFA-79BCACD21923}
		{EBFB72D7-A08A-4DB8-AED3-752E4E3FF1F6} = {F996E7B4-B026-4744-8FFA-79BCACD21923}
		{1A52C72A-DB19-4A29-86BA-99F3949FCAD2} = {56F2A6F0-47FE-45B7-BD07-FEFEEE2DCE9D}
		{BC3DAAF6-BC76-4356-8ED7-FC8C382F3636} = {1A52C72A-DB19-4A29-86BA-99F3949FCAD2}
		{DC1A8994-048D-4276-8B6A-26CEC5B73AF0} = {1A52C72A-DB19-4A29-86BA-99F3949FCAD2}
		{25336663-E445-4B20-8C18-3DA5F6C4C5B3} = {4A3B696C-7CBA-4A34-A07D-3850FABFAC8D}
		{F97F1DC3-5360-4E42-986E-65ED9379CF55} = {25336663-E445-4B20-8C18-3DA5F6C4C5B3}
		{566A060B-F185-4D0C-87D4-42C607564095} = {4A3B696C-7CBA-4A34-A07D-3850FABFAC8D}
		{FDA2733C-3C5B-4071-BEF0-896D69371A31} = {566A060B-F185-4D0C-87D4-42C607564095}
	EndGlobalSection
EndGlobal
